// !$*UTF8*$!
{
	archiveVersion = 1;
	classes = {
	};
	objectVersion = 55;
	objects = {

/* Begin PBXBuildFile section */
		95CD002627A0D5F30046183E /* AppDelegate.m in Sources */ = {isa = PBXBuildFile; fileRef = 95CD002527A0D5F30046183E /* AppDelegate.m */; };
		95CD002927A0D5F30046183E /* SceneDelegate.m in Sources */ = {isa = PBXBuildFile; fileRef = 95CD002827A0D5F30046183E /* SceneDelegate.m */; };
		95CD002C27A0D5F30046183E /* ViewController.m in Sources */ = {isa = PBXBuildFile; fileRef = 95CD002B27A0D5F30046183E /* ViewController.m */; };
		95CD002F27A0D5F30046183E /* Main.storyboard in Resources */ = {isa = PBXBuildFile; fileRef = 95CD002D27A0D5F30046183E /* Main.storyboard */; };
		95CD003127A0D5F50046183E /* Assets.xcassets in Resources */ = {isa = PBXBuildFile; fileRef = 95CD003027A0D5F50046183E /* Assets.xcassets */; };
		95CD003427A0D5F50046183E /* LaunchScreen.storyboard in Resources */ = {isa = PBXBuildFile; fileRef = 95CD003227A0D5F50046183E /* LaunchScreen.storyboard */; };
		95CD003727A0D5F50046183E /* main.m in Sources */ = {isa = PBXBuildFile; fileRef = 95CD003627A0D5F50046183E /* main.m */; };
		95CD003E27A0D64F0046183E /* index.html in Resources */ = {isa = PBXBuildFile; fileRef = 95CD003D27A0D64F0046183E /* index.html */; };
		95CD004127A0D7510046183E /* PHWebViewController.m in Sources */ = {isa = PBXBuildFile; fileRef = 95CD004027A0D7510046183E /* PHWebViewController.m */; };
/* End PBXBuildFile section */

/* Begin PBXFileReference section */
		95CD002127A0D5F30046183E /* WebClipBoardDemo.app */ = {isa = PBXFileReference; explicitFileType = wrapper.application; includeInIndex = 0; path = WebClipBoardDemo.app; sourceTree = BUILT_PRODUCTS_DIR; };
		95CD002427A0D5F30046183E /* AppDelegate.h */ = {isa = PBXFileReference; lastKnownFileType = sourcecode.c.h; path = AppDelegate.h; sourceTree = "<group>"; };
		95CD002527A0D5F30046183E /* AppDelegate.m */ = {isa = PBXFileReference; lastKnownFileType = sourcecode.c.objc; path = AppDelegate.m; sourceTree = "<group>"; };
		95CD002727A0D5F30046183E /* SceneDelegate.h */ = {isa = PBXFileReference; lastKnownFileType = sourcecode.c.h; path = SceneDelegate.h; sourceTree = "<group>"; };
		95CD002827A0D5F30046183E /* SceneDelegate.m */ = {isa = PBXFileReference; lastKnownFileType = sourcecode.c.objc; path = SceneDelegate.m; sourceTree = "<group>"; };
		95CD002A27A0D5F30046183E /* ViewController.h */ = {isa = PBXFileReference; lastKnownFileType = sourcecode.c.h; path = ViewController.h; sourceTree = "<group>"; };
		95CD002B27A0D5F30046183E /* ViewController.m */ = {isa = PBXFileReference; lastKnownFileType = sourcecode.c.objc; path = ViewController.m; sourceTree = "<group>"; };
		95CD002E27A0D5F30046183E /* Base */ = {isa = PBXFileReference; lastKnownFileType = file.storyboard; name = Base; path = Base.lproj/Main.storyboard; sourceTree = "<group>"; };
		95CD003027A0D5F50046183E /* Assets.xcassets */ = {isa = PBXFileReference; lastKnownFileType = folder.assetcatalog; path = Assets.xcassets; sourceTree = "<group>"; };
		95CD003327A0D5F50046183E /* Base */ = {isa = PBXFileReference; lastKnownFileType = file.storyboard; name = Base; path = Base.lproj/LaunchScreen.storyboard; sourceTree = "<group>"; };
		95CD003527A0D5F50046183E /* Info.plist */ = {isa = PBXFileReference; lastKnownFileType = text.plist.xml; path = Info.plist; sourceTree = "<group>"; };
		95CD003627A0D5F50046183E /* main.m */ = {isa = PBXFileReference; lastKnownFileType = sourcecode.c.objc; path = main.m; sourceTree = "<group>"; };
		95CD003D27A0D64F0046183E /* index.html */ = {isa = PBXFileReference; fileEncoding = 4; lastKnownFileType = text.html; path = index.html; sourceTree = "<group>"; };
		95CD003F27A0D7500046183E /* PHWebViewController.h */ = {isa = PBXFileReference; lastKnownFileType = sourcecode.c.h; path = PHWebViewController.h; sourceTree = "<group>"; };
		95CD004027A0D7510046183E /* PHWebViewController.m */ = {isa = PBXFileReference; lastKnownFileType = sourcecode.c.objc; path = PHWebViewController.m; sourceTree = "<group>"; };
/* End PBXFileReference section */

/* Begin PBXFrameworksBuildPhase section */
		95CD001E27A0D5F30046183E /* Frameworks */ = {
			isa = PBXFrameworksBuildPhase;
			buildActionMask = 2147483647;
			files = (
			);
			runOnlyForDeploymentPostprocessing = 0;
		};
/* End PBXFrameworksBuildPhase section */

/* Begin PBXGroup section */
		95CD001827A0D5F20046183E = {
			isa = PBXGroup;
			children = (
				95CD002327A0D5F30046183E /* WebClipBoardDemo */,
				95CD002227A0D5F30046183E /* Products */,
			);
			sourceTree = "<group>";
		};
		95CD002227A0D5F30046183E /* Products */ = {
			isa = PBXGroup;
			children = (
				95CD002127A0D5F30046183E /* WebClipBoardDemo.app */,
			);
			name = Products;
			sourceTree = "<group>";
		};
		95CD002327A0D5F30046183E /* WebClipBoardDemo */ = {
			isa = PBXGroup;
			children = (
				95CD002427A0D5F30046183E /* AppDelegate.h */,
				95CD002527A0D5F30046183E /* AppDelegate.m */,
				95CD003D27A0D64F0046183E /* index.html */,
				95CD002727A0D5F30046183E /* SceneDelegate.h */,
				95CD002827A0D5F30046183E /* SceneDelegate.m */,
				95CD002A27A0D5F30046183E /* ViewController.h */,
				95CD002B27A0D5F30046183E /* ViewController.m */,
				95CD003F27A0D7500046183E /* PHWebViewController.h */,
				95CD004027A0D7510046183E /* PHWebViewController.m */,
				95CD002D27A0D5F30046183E /* Main.storyboard */,
				95CD003027A0D5F50046183E /* Assets.xcassets */,
				95CD003227A0D5F50046183E /* LaunchScreen.storyboard */,
				95CD003527A0D5F50046183E /* Info.plist */,
				95CD003627A0D5F50046183E /* main.m */,
			);
			path = WebClipBoardDemo;
			sourceTree = "<group>";
		};
/* End PBXGroup section */

/* Begin PBXNativeTarget section */
		95CD002027A0D5F30046183E /* WebClipBoardDemo */ = {
			isa = PBXNativeTarget;
			buildConfigurationList = 95CD003A27A0D5F50046183E /* Build configuration list for PBXNativeTarget "WebClipBoardDemo" */;
			buildPhases = (
				95CD001D27A0D5F30046183E /* Sources */,
				95CD001E27A0D5F30046183E /* Frameworks */,
				95CD001F27A0D5F30046183E /* Resources */,
			);
			buildRules = (
			);
			dependencies = (
			);
			name = WebClipBoardDemo;
			productName = WebClipBoardDemo;
			productReference = 95CD002127A0D5F30046183E /* WebClipBoardDemo.app */;
			productType = "com.apple.product-type.application";
		};
/* End PBXNativeTarget section */

/* Begin PBXProject section */
		95CD001927A0D5F20046183E /* Project object */ = {
			isa = PBXProject;
			attributes = {
				BuildIndependentTargetsInParallel = 1;
				LastUpgradeCheck = 1300;
				TargetAttributes = {
					95CD002027A0D5F30046183E = {
						CreatedOnToolsVersion = 13.0;
					};
				};
			};
			buildConfigurationList = 95CD001C27A0D5F20046183E /* Build configuration list for PBXProject "WebClipBoardDemo" */;
			compatibilityVersion = "Xcode 13.0";
			developmentRegion = en;
			hasScannedForEncodings = 0;
			knownRegions = (
				en,
				Base,
			);
			mainGroup = 95CD001827A0D5F20046183E;
			productRefGroup = 95CD002227A0D5F30046183E /* Products */;
			projectDirPath = "";
			projectRoot = "";
			targets = (
				95CD002027A0D5F30046183E /* WebClipBoardDemo */,
			);
		};
/* End PBXProject section */

/* Begin PBXResourcesBuildPhase section */
		95CD001F27A0D5F30046183E /* Resources */ = {
			isa = PBXResourcesBuildPhase;
			buildActionMask = 2147483647;
			files = (
				95CD003427A0D5F50046183E /* LaunchScreen.storyboard in Resources */,
				95CD003E27A0D64F0046183E /* index.html in Resources */,
				95CD003127A0D5F50046183E /* Assets.xcassets in Resources */,
				95CD002F27A0D5F30046183E /* Main.storyboard in Resources */,
			);
			runOnlyForDeploymentPostprocessing = 0;
		};
/* End PBXResourcesBuildPhase section */

/* Begin PBXSourcesBuildPhase section */
		95CD001D27A0D5F30046183E /* Sources */ = {
			isa = PBXSourcesBuildPhase;
			buildActionMask = 2147483647;
			files = (
				95CD002C27A0D5F30046183E /* ViewController.m in Sources */,
				95CD004127A0D7510046183E /* PHWebViewController.m in Sources */,
				95CD002627A0D5F30046183E /* AppDelegate.m in Sources */,
				95CD003727A0D5F50046183E /* main.m in Sources */,
				95CD002927A0D5F30046183E /* SceneDelegate.m in Sources */,
			);
			runOnlyForDeploymentPostprocessing = 0;
		};
/* End PBXSourcesBuildPhase section */

/* Begin PBXVariantGroup section */
		95CD002D27A0D5F30046183E /* Main.storyboard */ = {
			isa = PBXVariantGroup;
			children = (
				95CD002E27A0D5F30046183E /* Base */,
			);
			name = Main.storyboard;
			sourceTree = "<group>";
		};
		95CD003227A0D5F50046183E /* LaunchScreen.storyboard */ = {
			isa = PBXVariantGroup;
			children = (
				95CD003327A0D5F50046183E /* Base */,
			);
			name = LaunchScreen.storyboard;
			sourceTree = "<group>";
		};
/* End PBXVariantGroup section */

/* Begin XCBuildConfiguration section */
		95CD003827A0D5F50046183E /* Debug */ = {
			isa = XCBuildConfiguration;
			buildSettings = {
				ALWAYS_SEARCH_USER_PATHS = NO;
				CLANG_ANALYZER_NONNULL = YES;
				CLANG_ANALYZER_NUMBER_OBJECT_CONVERSION = YES_AGGRESSIVE;
				CLANG_CXX_LANGUAGE_STANDARD = "gnu++17";
				CLANG_CXX_LIBRARY = "libc++";
				CLANG_ENABLE_MODULES = YES;
				CLANG_ENABLE_OBJC_ARC = YES;
				CLANG_ENABLE_OBJC_WEAK = YES;
				CLANG_WARN_BLOCK_CAPTURE_AUTORELEASING = YES;
				CLANG_WARN_BOOL_CONVERSION = YES;
				CLANG_WARN_COMMA = YES;
				CLANG_WARN_CONSTANT_CONVERSION = YES;
				CLANG_WARN_DEPRECATED_OBJC_IMPLEMENTATIONS = YES;
				CLANG_WARN_DIRECT_OBJC_ISA_USAGE = YES_ERROR;
				CLANG_WARN_DOCUMENTATION_COMMENTS = YES;
				CLANG_WARN_EMPTY_BODY = YES;
				CLANG_WARN_ENUM_CONVERSION = YES;
				CLANG_WARN_INFINITE_RECURSION = YES;
				CLANG_WARN_INT_CONVERSION = YES;
				CLANG_WARN_NON_LITERAL_NULL_CONVERSION = YES;
				CLANG_WARN_OBJC_IMPLICIT_RETAIN_SELF = YES;
				CLANG_WARN_OBJC_LITERAL_CONVERSION = YES;
				CLANG_WARN_OBJC_ROOT_CLASS = YES_ERROR;
				CLANG_WARN_QUOTED_INCLUDE_IN_FRAMEWORK_HEADER = YES;
				CLANG_WARN_RANGE_LOOP_ANALYSIS = YES;
				CLANG_WARN_STRICT_PROTOTYPES = YES;
				CLANG_WARN_SUSPICIOUS_MOVE = YES;
				CLANG_WARN_UNGUARDED_AVAILABILITY = YES_AGGRESSIVE;
				CLANG_WARN_UNREACHABLE_CODE = YES;
				CLANG_WARN__DUPLICATE_METHOD_MATCH = YES;
				COPY_PHASE_STRIP = NO;
				DEBUG_INFORMATION_FORMAT = dwarf;
				ENABLE_STRICT_OBJC_MSGSEND = YES;
				ENABLE_TESTABILITY = YES;
				GCC_C_LANGUAGE_STANDARD = gnu11;
				GCC_DYNAMIC_NO_PIC = NO;
				GCC_NO_COMMON_BLOCKS = YES;
				GCC_OPTIMIZATION_LEVEL = 0;
				GCC_PREPROCESSOR_DEFINITIONS = (
					"DEBUG=1",
					"$(inherited)",
				);
				GCC_WARN_64_TO_32_BIT_CONVERSION = YES;
				GCC_WARN_ABOUT_RETURN_TYPE = YES_ERROR;
				GCC_WARN_UNDECLARED_SELECTOR = YES;
				GCC_WARN_UNINITIALIZED_AUTOS = YES_AGGRESSIVE;
				GCC_WARN_UNUSED_FUNCTION = YES;
				GCC_WARN_UNUSED_VARIABLE = YES;
				IPHONEOS_DEPLOYMENT_TARGET = 15.0;
				MTL_ENABLE_DEBUG_INFO = INCLUDE_SOURCE;
				MTL_FAST_MATH = YES;
				ONLY_ACTIVE_ARCH = YES;
				SDKROOT = iphoneos;
			};
			name = Debug;
		};
		95CD003927A0D5F50046183E /* Release */ = {
			isa = XCBuildConfiguration;
			buildSettings = {
				ALWAYS_SEARCH_USER_PATHS = NO;
				CLANG_ANALYZER_NONNULL = YES;
				CLANG_ANALYZER_NUMBER_OBJECT_CONVERSION = YES_AGGRESSIVE;
				CLANG_CXX_LANGUAGE_STANDARD = "gnu++17";
				CLANG_CXX_LIBRARY = "libc++";
				CLANG_ENABLE_MODULES = YES;
				CLANG_ENABLE_OBJC_ARC = YES;
				CLANG_ENABLE_OBJC_WEAK = YES;
				CLANG_WARN_BLOCK_CAPTURE_AUTORELEASING = YES;
				CLANG_WARN_BOOL_CONVERSION = YES;
				CLANG_WARN_COMMA = YES;
				CLANG_WARN_CONSTANT_CONVERSION = YES;
				CLANG_WARN_DEPRECATED_OBJC_IMPLEMENTATIONS = YES;
				CLANG_WARN_DIRECT_OBJC_ISA_USAGE = YES_ERROR;
				CLANG_WARN_DOCUMENTATION_COMMENTS = YES;
				CLANG_WARN_EMPTY_BODY = YES;
				CLANG_WARN_ENUM_CONVERSION = YES;
				CLANG_WARN_INFINITE_RECURSION = YES;
				CLANG_WARN_INT_CONVERSION = YES;
				CLANG_WARN_NON_LITERAL_NULL_CONVERSION = YES;
				CLANG_WARN_OBJC_IMPLICIT_RETAIN_SELF = YES;
				CLANG_WARN_OBJC_LITERAL_CONVERSION = YES;
				CLANG_WARN_OBJC_ROOT_CLASS = YES_ERROR;
				CLANG_WARN_QUOTED_INCLUDE_IN_FRAMEWORK_HEADER = YES;
				CLANG_WARN_RANGE_LOOP_ANALYSIS = YES;
				CLANG_WARN_STRICT_PROTOTYPES = YES;
				CLANG_WARN_SUSPICIOUS_MOVE = YES;
				CLANG_WARN_UNGUARDED_AVAILABILITY = YES_AGGRESSIVE;
				CLANG_WARN_UNREACHABLE_CODE = YES;
				CLANG_WARN__DUPLICATE_METHOD_MATCH = YES;
				COPY_PHASE_STRIP = NO;
				DEBUG_INFORMATION_FORMAT = "dwarf-with-dsym";
				ENABLE_NS_ASSERTIONS = NO;
				ENABLE_STRICT_OBJC_MSGSEND = YES;
				GCC_C_LANGUAGE_STANDARD = gnu11;
				GCC_NO_COMMON_BLOCKS = YES;
				GCC_WARN_64_TO_32_BIT_CONVERSION = YES;
				GCC_WARN_ABOUT_RETURN_TYPE = YES_ERROR;
				GCC_WARN_UNDECLARED_SELECTOR = YES;
				GCC_WARN_UNINITIALIZED_AUTOS = YES_AGGRESSIVE;
				GCC_WARN_UNUSED_FUNCTION = YES;
				GCC_WARN_UNUSED_VARIABLE = YES;
				IPHONEOS_DEPLOYMENT_TARGET = 15.0;
				MTL_ENABLE_DEBUG_INFO = NO;
				MTL_FAST_MATH = YES;
				SDKROOT = iphoneos;
				VALIDATE_PRODUCT = YES;
			};
			name = Release;
		};
		95CD003B27A0D5F50046183E /* Debug */ = {
			isa = XCBuildConfiguration;
			buildSettings = {
				ASSETCATALOG_COMPILER_APPICON_NAME = AppIcon;
				ASSETCATALOG_COMPILER_GLOBAL_ACCENT_COLOR_NAME = AccentColor;
				CODE_SIGN_IDENTITY = "iPhone Developer";
				CODE_SIGN_STYLE = Manual;
				CURRENT_PROJECT_VERSION = 1;
				DEVELOPMENT_TEAM = MR2C7BD9VS;
				GENERATE_INFOPLIST_FILE = YES;
				INFOPLIST_FILE = WebClipBoardDemo/Info.plist;
				INFOPLIST_KEY_NSCameraUsageDescription = "相机权限";
				INFOPLIST_KEY_NSPhotoLibraryUsageDescription = "相册权限";
				INFOPLIST_KEY_UIApplicationSupportsIndirectInputEvents = YES;
				INFOPLIST_KEY_UILaunchStoryboardName = LaunchScreen;
				INFOPLIST_KEY_UIMainStoryboardFile = Main;
				INFOPLIST_KEY_UISupportedInterfaceOrientations_iPad = "UIInterfaceOrientationPortrait UIInterfaceOrientationPortraitUpsideDown UIInterfaceOrientationLandscapeLeft UIInterfaceOrientationLandscapeRight";
				INFOPLIST_KEY_UISupportedInterfaceOrientations_iPhone = "UIInterfaceOrientationPortrait UIInterfaceOrientationLandscapeLeft UIInterfaceOrientationLandscapeRight";
				LD_RUNPATH_SEARCH_PATHS = (
					"$(inherited)",
					"@executable_path/Frameworks",
				);
				MARKETING_VERSION = 1.0;
				PRODUCT_BUNDLE_IDENTIFIER = com.pingan.yidaixian;
				PRODUCT_NAME = "$(TARGET_NAME)";
				PROVISIONING_PROFILE_SPECIFIER = puhui_yidaixian_dev;
				SWIFT_EMIT_LOC_STRINGS = YES;
				TARGETED_DEVICE_FAMILY = "1,2";
			};
			name = Debug;
		};
		95CD003C27A0D5F50046183E /* Release */ = {
			isa = XCBuildConfiguration;
			buildSettings = {
				ASSETCATALOG_COMPILER_APPICON_NAME = AppIcon;
				ASSETCATALOG_COMPILER_GLOBAL_ACCENT_COLOR_NAME = AccentColor;
				CODE_SIGN_IDENTITY = "iPhone Developer";
				CODE_SIGN_STYLE = Manual;
				CURRENT_PROJECT_VERSION = 1;
				DEVELOPMENT_TEAM = MR2C7BD9VS;
				GENERATE_INFOPLIST_FILE = YES;
				INFOPLIST_FILE = WebClipBoardDemo/Info.plist;
				INFOPLIST_KEY_NSCameraUsageDescription = "相机权限";
				INFOPLIST_KEY_NSPhotoLibraryUsageDescription = "相册权限";
				INFOPLIST_KEY_UIApplicationSupportsIndirectInputEvents = YES;
				INFOPLIST_KEY_UILaunchStoryboardName = LaunchScreen;
				INFOPLIST_KEY_UIMainStoryboardFile = Main;
				INFOPLIST_KEY_UISupportedInterfaceOrientations_iPad = "UIInterfaceOrientationPortrait UIInterfaceOrientationPortraitUpsideDown UIInterfaceOrientationLandscapeLeft UIInterfaceOrientationLandscapeRight";
				INFOPLIST_KEY_UISupportedInterfaceOrientations_iPhone = "UIInterfaceOrientationPortrait UIInterfaceOrientationLandscapeLeft UIInterfaceOrientationLandscapeRight";
				LD_RUNPATH_SEARCH_PATHS = (
					"$(inherited)",
					"@executable_path/Frameworks",
				);
				MARKETING_VERSION = 1.0;
				PRODUCT_BUNDLE_IDENTIFIER = com.pingan.yidaixian;
				PRODUCT_NAME = "$(TARGET_NAME)";
				PROVISIONING_PROFILE_SPECIFIER = puhui_yidaixian_dev;
				SWIFT_EMIT_LOC_STRINGS = YES;
				TARGETED_DEVICE_FAMILY = "1,2";
			};
			name = Release;
		};
/* End XCBuildConfiguration section */

/* Begin XCConfigurationList section */
		95CD001C27A0D5F20046183E /* Build configuration list for PBXProject "WebClipBoardDemo" */ = {
			isa = XCConfigurationList;
			buildConfigurations = (
				95CD003827A0D5F50046183E /* Debug */,
				95CD003927A0D5F50046183E /* Release */,
			);
			defaultConfigurationIsVisible = 0;
			defaultConfigurationName = Release;
		};
		95CD003A27A0D5F50046183E /* Build configuration list for PBXNativeTarget "WebClipBoardDemo" */ = {
			isa = XCConfigurationList;
			buildConfigurations = (
				95CD003B27A0D5F50046183E /* Debug */,
				95CD003C27A0D5F50046183E /* Release */,
			);
			defaultConfigurationIsVisible = 0;
			defaultConfigurationName = Release;
		};
/* End XCConfigurationList section */
	};
	rootObject = 95CD001927A0D5F20046183E /* Project object */;
}
